
Microsoft Visual Studio Solution File, Format Version 12.00
# Visual Studio Version 17
VisualStudioVersion = 17.0.31825.309
MinimumVisualStudioVersion = 10.0.40219.1
Project("{FAE04EC0-301F-11D3-BF4B-00C04F79EFBC}") = "CyaeghaCore", "Cyaegha\CyaeghaCore.csproj", "{977E9923-128E-40C5-9C92-B99EDA78E275}"
EndProject
Global
	GlobalSection(SolutionConfigurationPlatforms) = preSolution
		Debug|Any CPU = Debug|Any CPU
		Release|Any CPU = Release|Any CPU
	EndGlobalSection
	GlobalSection(ProjectConfigurationPlatforms) = postSolution
		{977E9923-128E-40C5-9C92-B99EDA78E275}.Debug|Any CPU.ActiveCfg = Debug|Any CPU
		{977E9923-128E-40C5-9C92-B99EDA78E275}.Debug|Any CPU.Build.0 = Debug|Any CPU
		{977E9923-128E-40C5-9C92-B99EDA78E275}.Release|Any CPU.ActiveCfg = Release|Any CPU
		{977E9923-128E-40C5-9C92-B99EDA78E275}.Release|Any CPU.Build.0 = Release|Any CPU
	EndGlobalSection
	GlobalSection(SolutionProperties) = preSolution
		HideSolutionNode = FALSE
	EndGlobalSection
	GlobalSection(ExtensibilityGlobals) = postSolution
		SolutionGuid = {2696F165-1247-4D9A-82F1-D3378E1FF83D}
	EndGlobalSection
EndGlobal
